version = 1
revision = 3
requires-python = ">=3.14"

[[package]]
name = "babelfish"
version = "0.6.1"
source = { registry = "https://pypi.org/simple" }
sdist = { url = "https://files.pythonhosted.org/packages/c5/8f/17ff889327f8a1c36a28418e686727dabc06c080ed49c95e3e2424a77aa6/babelfish-0.6.1.tar.gz", hash = "sha256:decb67a4660888d48480ab6998309837174158d0f1aa63bebb1c2e11aab97aab", size = 87706, upload-time = "2024-05-09T21:16:24.357Z" }
wheels = [
    { url = "https://files.pythonhosted.org/packages/95/a1/bd4f759db13cd8beb9c9f68682aced5d966781b9d7380cf514a306f56762/babelfish-0.6.1-py3-none-any.whl", hash = "sha256:512f1501d4c8f7d38f0921f48660be7542de1a7b24abb6a6a65324a670150293", size = 94231, upload-time = "2024-05-09T21:16:22.633Z" },
]

[[package]]
name = "guessit"
version = "3.8.0"
source = { registry = "https://pypi.org/simple" }
dependencies = [
    { name = "babelfish" },
    { name = "python-dateutil" },
    { name = "rebulk" },
]
sdist = { url = "https://files.pythonhosted.org/packages/d0/07/5a88020bfe2591af2ffc75841200b2c17ff52510779510346af5477e64cd/guessit-3.8.0.tar.gz", hash = "sha256:6619fcbbf9a0510ec8c2c33744c4251cad0507b1d573d05c875de17edc5edbed", size = 271285, upload-time = "2023-12-14T10:24:20.582Z" }
wheels = [
    { url = "https://files.pythonhosted.org/packages/b8/9b/924a8f9709c3143d4c9a301a88042cbce37e09789378217284b19d4f8132/guessit-3.8.0-py3-none-any.whl", hash = "sha256:eb5747b1d0fbca926562c1e5894dbc3f6507c35e8c0bd9e38148401cd9579d83", size = 206049, upload-time = "2023-12-14T10:24:17.753Z" },
]

[[package]]
name = "jrdf"
version = "1.2"
source = { editable = "." }
dependencies = [
    { name = "guessit" },
]

[package.metadata]
requires-dist = [{ name = "guessit" }]

[[package]]
name = "python-dateutil"
version = "2.9.0.post0"
source = { registry = "https://pypi.org/simple" }
dependencies = [
    { name = "six" },
]
sdist = { url = "https://files.pythonhosted.org/packages/66/c0/0c8b6ad9f17a802ee498c46e004a0eb49bc148f2fd230864601a86dcf6db/python-dateutil-2.9.0.post0.tar.gz", hash = "sha256:37dd54208da7e1cd875388217d5e00ebd4179249f90fb72437e91a35459a0ad3", size = 342432, upload-time = "2024-03-01T18:36:20.211Z" }
wheels = [
    { url = "https://files.pythonhosted.org/packages/ec/57/56b9bcc3c9c6a792fcbaf139543cee77261f3651ca9da0c93f5c1221264b/python_dateutil-2.9.0.post0-py2.py3-none-any.whl", hash = "sha256:a8b2bc7bffae282281c8140a97d3aa9c14da0b136dfe83f850eea9a5f7470427", size = 229892, upload-time = "2024-03-01T18:36:18.57Z" },
]

[[package]]
name = "rebulk"
version = "3.2.0"
source = { registry = "https://pypi.org/simple" }
sdist = { url = "https://files.pythonhosted.org/packages/f2/06/24c69f8d707c9eefc1108a64e079da56b5f351e3f59ed76e8f04b9f3e296/rebulk-3.2.0.tar.gz", hash = "sha256:0d30bf80fca00fa9c697185ac475daac9bde5f646ce3338c9ff5d5dc1ebdfebc", size = 261685, upload-time = "2023-02-18T09:10:14.378Z" }
wheels = [
    { url = "https://files.pythonhosted.org/packages/84/4d/df073d593f7e7e4a5a7e19148b2e9b4ae63b4ddcbb863f1e7bb2b6f19c62/rebulk-3.2.0-py3-none-any.whl", hash = "sha256:6bc31ae4b37200623c5827d2f539f9ec3e52b50431322dad8154642a39b0a53e", size = 56298, upload-time = "2023-02-18T09:10:12.435Z" },
]

[[package]]
name = "six"
version = "1.17.0"
source = { registry = "https://pypi.org/simple" }
sdist = { url = "https://files.pythonhosted.org/packages/94/e7/b2c673351809dca68a0e064b6af791aa332cf192da575fd474ed7d6f16a2/six-1.17.0.tar.gz", hash = "sha256:ff70335d468e7eb6ec65b95b99d3a2836546063f63acc5171de367e834932a81", size = 34031, upload-time = "2024-12-04T17:35:28.174Z" }
wheels = [
    { url = "https://files.pythonhosted.org/packages/b7/ce/149a00dd41f10bc29e5921b496af8b574d8413afcd5e30dfa0ed46c2cc5e/six-1.17.0-py2.py3-none-any.whl", hash = "sha256:4721f391ed90541fddacab5acf947aa0d3dc7d27b2e1e8eda2be8970586c3274", size = 11050, upload-time = "2024-12-04T17:35:26.475Z" },
]
